
Microsoft Visual Studio Solution File, Format Version 12.00
# Visual Studio Version 16
VisualStudioVersion = 16.0.31112.23
MinimumVisualStudioVersion = 10.0.40219.1
Project("{F184B08F-C81C-45F6-A57F-5ABD9991F28F}") = "04 Ficheros Ini", "04 Ficheros Ini\04 Ficheros Ini.vbproj", "{BA25580A-2AA0-4FAC-A867-C2405163215C}"
EndProject
Global
	GlobalSection(SolutionConfigurationPlatforms) = preSolution
		Debug|Any CPU = Debug|Any CPU
		Release|Any CPU = Release|Any CPU
	EndGlobalSection
	GlobalSection(ProjectConfigurationPlatforms) = postSolution
		{BA25580A-2AA0-4FAC-A867-C2405163215C}.Debug|Any CPU.ActiveCfg = Debug|Any CPU
		{BA25580A-2AA0-4FAC-A867-C2405163215C}.Debug|Any CPU.Build.0 = Debug|Any CPU
		{BA25580A-2AA0-4FAC-A867-C2405163215C}.Release|Any CPU.ActiveCfg = Release|Any CPU
		{BA25580A-2AA0-4FAC-A867-C2405163215C}.Release|Any CPU.Build.0 = Release|Any CPU
	EndGlobalSection
	GlobalSection(SolutionProperties) = preSolution
		HideSolutionNode = FALSE
	EndGlobalSection
	GlobalSection(ExtensibilityGlobals) = postSolution
		SolutionGuid = {92E5B082-416E-4E12-ACEA-7916A0C78FE7}
	EndGlobalSection
EndGlobal
